// !$*UTF8*$!
{
	archiveVersion = 1;
	classes = {
	};
	objectVersion = 46;
	objects = {

/* Begin PBXBuildFile section */
		890703191AF738BB003AD1E7 /* AppDelegate.swift in Sources */ = {isa = PBXBuildFile; fileRef = 890703181AF738BB003AD1E7 /* AppDelegate.swift */; };
		8907031B1AF738BB003AD1E7 /* ViewController.swift in Sources */ = {isa = PBXBuildFile; fileRef = 8907031A1AF738BB003AD1E7 /* ViewController.swift */; };
		8907031E1AF738BB003AD1E7 /* Main.storyboard in Resources */ = {isa = PBXBuildFile; fileRef = 8907031C1AF738BB003AD1E7 /* Main.storyboard */; };
		890703201AF738BB003AD1E7 /* Images.xcassets in Resources */ = {isa = PBXBuildFile; fileRef = 8907031F1AF738BB003AD1E7 /* Images.xcassets */; };
		890703231AF738BB003AD1E7 /* LaunchScreen.xib in Resources */ = {isa = PBXBuildFile; fileRef = 890703211AF738BB003AD1E7 /* LaunchScreen.xib */; };
		8907032F1AF738BB003AD1E7 /* WelcomeTests.swift in Sources */ = {isa = PBXBuildFile; fileRef = 8907032E1AF738BB003AD1E7 /* WelcomeTests.swift */; };
/* End PBXBuildFile section */

/* Begin PBXContainerItemProxy section */
		890703291AF738BB003AD1E7 /* PBXContainerItemProxy */ = {
			isa = PBXContainerItemProxy;
			containerPortal = 8907030B1AF738BB003AD1E7 /* Project object */;
			proxyType = 1;
			remoteGlobalIDString = 890703121AF738BB003AD1E7;
			remoteInfo = Welcome;
		};
/* End PBXContainerItemProxy section */

/* Begin PBXFileReference section */
		890703131AF738BB003AD1E7 /* Welcome.app */ = {isa = PBXFileReference; explicitFileType = wrapper.application; includeInIndex = 0; path = Welcome.app; sourceTree = BUILT_PRODUCTS_DIR; };
		890703171AF738BB003AD1E7 /* Info.plist */ = {isa = PBXFileReference; lastKnownFileType = text.plist.xml; path = Info.plist; sourceTree = "<group>"; };
		890703181AF738BB003AD1E7 /* AppDelegate.swift */ = {isa = PBXFileReference; lastKnownFileType = sourcecode.swift; path = AppDelegate.swift; sourceTree = "<group>"; };
		8907031A1AF738BB003AD1E7 /* ViewController.swift */ = {isa = PBXFileReference; lastKnownFileType = sourcecode.swift; path = ViewController.swift; sourceTree = "<group>"; };
		8907031D1AF738BB003AD1E7 /* Base */ = {isa = PBXFileReference; lastKnownFileType = file.storyboard; name = Base; path = Base.lproj/Main.storyboard; sourceTree = "<group>"; };
		8907031F1AF738BB003AD1E7 /* Images.xcassets */ = {isa = PBXFileReference; lastKnownFileType = folder.assetcatalog; path = Images.xcassets; sourceTree = "<group>"; };
		890703221AF738BB003AD1E7 /* Base */ = {isa = PBXFileReference; lastKnownFileType = file.xib; name = Base; path = Base.lproj/LaunchScreen.xib; sourceTree = "<group>"; };
		890703281AF738BB003AD1E7 /* WelcomeTests.xctest */ = {isa = PBXFileReference; explicitFileType = wrapper.cfbundle; includeInIndex = 0; path = WelcomeTests.xctest; sourceTree = BUILT_PRODUCTS_DIR; };
		8907032D1AF738BB003AD1E7 /* Info.plist */ = {isa = PBXFileReference; lastKnownFileType = text.plist.xml; path = Info.plist; sourceTree = "<group>"; };
		8907032E1AF738BB003AD1E7 /* WelcomeTests.swift */ = {isa = PBXFileReference; lastKnownFileType = sourcecode.swift; path = WelcomeTests.swift; sourceTree = "<group>"; };
/* End PBXFileReference section */

/* Begin PBXFrameworksBuildPhase section */
		890703101AF738BB003AD1E7 /* Frameworks */ = {
			isa = PBXFrameworksBuildPhase;
			buildActionMask = 2147483647;
			files = (
			);
			runOnlyForDeploymentPostprocessing = 0;
		};
		890703251AF738BB003AD1E7 /* Frameworks */ = {
			isa = PBXFrameworksBuildPhase;
			buildActionMask = 2147483647;
			files = (
			);
			runOnlyForDeploymentPostprocessing = 0;
		};
/* End PBXFrameworksBuildPhase section */

/* Begin PBXGroup section */
		8907030A1AF738BB003AD1E7 = {
			isa = PBXGroup;
			children = (
				890703151AF738BB003AD1E7 /* Welcome */,
				8907032B1AF738BB003AD1E7 /* WelcomeTests */,
				890703141AF738BB003AD1E7 /* Products */,
			);
			sourceTree = "<group>";
		};
		890703141AF738BB003AD1E7 /* Products */ = {
			isa = PBXGroup;
			children = (
				890703131AF738BB003AD1E7 /* Welcome.app */,
				890703281AF738BB003AD1E7 /* WelcomeTests.xctest */,
			);
			name = Products;
			sourceTree = "<group>";
		};
		890703151AF738BB003AD1E7 /* Welcome */ = {
			isa = PBXGroup;
			children = (
				890703181AF738BB003AD1E7 /* AppDelegate.swift */,
				8907031A1AF738BB003AD1E7 /* ViewController.swift */,
				8907031C1AF738BB003AD1E7 /* Main.storyboard */,
				8907031F1AF738BB003AD1E7 /* Images.xcassets */,
				890703211AF738BB003AD1E7 /* LaunchScreen.xib */,
				890703161AF738BB003AD1E7 /* Supporting Files */,
			);
			path = Welcome;
			sourceTree = "<group>";
		};
		890703161AF738BB003AD1E7 /* Supporting Files */ = {
			isa = PBXGroup;
			children = (
				890703171AF738BB003AD1E7 /* Info.plist */,
			);
			name = "Supporting Files";
			sourceTree = "<group>";
		};
		8907032B1AF738BB003AD1E7 /* WelcomeTests */ = {
			isa = PBXGroup;
			children = (
				8907032E1AF738BB003AD1E7 /* WelcomeTests.swift */,
				8907032C1AF738BB003AD1E7 /* Supporting Files */,
			);
			path = WelcomeTests;
			sourceTree = "<group>";
		};
		8907032C1AF738BB003AD1E7 /* Supporting Files */ = {
			isa = PBXGroup;
			children = (
				8907032D1AF738BB003AD1E7 /* Info.plist */,
			);
			name = "Supporting Files";
			sourceTree = "<group>";
		};
/* End PBXGroup section */

/* Begin PBXNativeTarget section */
		890703121AF738BB003AD1E7 /* Welcome */ = {
			isa = PBXNativeTarget;
			buildConfigurationList = 890703321AF738BB003AD1E7 /* Build configuration list for PBXNativeTarget "Welcome" */;
			buildPhases = (
				8907030F1AF738BB003AD1E7 /* Sources */,
				890703101AF738BB003AD1E7 /* Frameworks */,
				890703111AF738BB003AD1E7 /* Resources */,
			);
			buildRules = (
			);
			dependencies = (
			);
			name = Welcome;
			productName = Welcome;
			productReference = 890703131AF738BB003AD1E7 /* Welcome.app */;
			productType = "com.apple.product-type.application";
		};
		890703271AF738BB003AD1E7 /* WelcomeTests */ = {
			isa = PBXNativeTarget;
			buildConfigurationList = 890703351AF738BB003AD1E7 /* Build configuration list for PBXNativeTarget "WelcomeTests" */;
			buildPhases = (
				890703241AF738BB003AD1E7 /* Sources */,
				890703251AF738BB003AD1E7 /* Frameworks */,
				890703261AF738BB003AD1E7 /* Resources */,
			);
			buildRules = (
			);
			dependencies = (
				8907032A1AF738BB003AD1E7 /* PBXTargetDependency */,
			);
			name = WelcomeTests;
			productName = WelcomeTests;
			productReference = 890703281AF738BB003AD1E7 /* WelcomeTests.xctest */;
			productType = "com.apple.product-type.bundle.unit-test";
		};
/* End PBXNativeTarget section */

/* Begin PBXProject section */
		8907030B1AF738BB003AD1E7 /* Project object */ = {
			isa = PBXProject;
			attributes = {
				LastUpgradeCheck = 0630;
				ORGANIZATIONNAME = "Davis Xie";
				TargetAttributes = {
					890703121AF738BB003AD1E7 = {
						CreatedOnToolsVersion = 6.3.1;
					};
					890703271AF738BB003AD1E7 = {
						CreatedOnToolsVersion = 6.3.1;
						TestTargetID = 890703121AF738BB003AD1E7;
					};
				};
			};
			buildConfigurationList = 8907030E1AF738BB003AD1E7 /* Build configuration list for PBXProject "Welcome" */;
			compatibilityVersion = "Xcode 3.2";
			developmentRegion = English;
			hasScannedForEncodings = 0;
			knownRegions = (
				en,
				Base,
			);
			mainGroup = 8907030A1AF738BB003AD1E7;
			productRefGroup = 890703141AF738BB003AD1E7 /* Products */;
			projectDirPath = "";
			projectRoot = "";
			targets = (
				890703121AF738BB003AD1E7 /* Welcome */,
				890703271AF738BB003AD1E7 /* WelcomeTests */,
			);
		};
/* End PBXProject section */

/* Begin PBXResourcesBuildPhase section */
		890703111AF738BB003AD1E7 /* Resources */ = {
			isa = PBXResourcesBuildPhase;
			buildActionMask = 2147483647;
			files = (
				8907031E1AF738BB003AD1E7 /* Main.storyboard in Resources */,
				890703231AF738BB003AD1E7 /* LaunchScreen.xib in Resources */,
				890703201AF738BB003AD1E7 /* Images.xcassets in Resources */,
			);
			runOnlyForDeploymentPostprocessing = 0;
		};
		890703261AF738BB003AD1E7 /* Resources */ = {
			isa = PBXResourcesBuildPhase;
			buildActionMask = 2147483647;
			files = (
			);
			runOnlyForDeploymentPostprocessing = 0;
		};
/* End PBXResourcesBuildPhase section */

/* Begin PBXSourcesBuildPhase section */
		8907030F1AF738BB003AD1E7 /* Sources */ = {
			isa = PBXSourcesBuildPhase;
			buildActionMask = 2147483647;
			files = (
				8907031B1AF738BB003AD1E7 /* ViewController.swift in Sources */,
				890703191AF738BB003AD1E7 /* AppDelegate.swift in Sources */,
			);
			runOnlyForDeploymentPostprocessing = 0;
		};
		890703241AF738BB003AD1E7 /* Sources */ = {
			isa = PBXSourcesBuildPhase;
			buildActionMask = 2147483647;
			files = (
				8907032F1AF738BB003AD1E7 /* WelcomeTests.swift in Sources */,
			);
			runOnlyForDeploymentPostprocessing = 0;
		};
/* End PBXSourcesBuildPhase section */

/* Begin PBXTargetDependency section */
		8907032A1AF738BB003AD1E7 /* PBXTargetDependency */ = {
			isa = PBXTargetDependency;
			target = 890703121AF738BB003AD1E7 /* Welcome */;
			targetProxy = 890703291AF738BB003AD1E7 /* PBXContainerItemProxy */;
		};
/* End PBXTargetDependency section */

/* Begin PBXVariantGroup section */
		8907031C1AF738BB003AD1E7 /* Main.storyboard */ = {
			isa = PBXVariantGroup;
			children = (
				8907031D1AF738BB003AD1E7 /* Base */,
			);
			name = Main.storyboard;
			sourceTree = "<group>";
		};
		890703211AF738BB003AD1E7 /* LaunchScreen.xib */ = {
			isa = PBXVariantGroup;
			children = (
				890703221AF738BB003AD1E7 /* Base */,
			);
			name = LaunchScreen.xib;
			sourceTree = "<group>";
		};
/* End PBXVariantGroup section */

/* Begin XCBuildConfiguration section */
		890703301AF738BB003AD1E7 /* Debug */ = {
			isa = XCBuildConfiguration;
			buildSettings = {
				ALWAYS_SEARCH_USER_PATHS = NO;
				CLANG_CXX_LANGUAGE_STANDARD = "gnu++0x";
				CLANG_CXX_LIBRARY = "libc++";
				CLANG_ENABLE_MODULES = YES;
				CLANG_ENABLE_OBJC_ARC = YES;
				CLANG_WARN_BOOL_CONVERSION = YES;
				CLANG_WARN_CONSTANT_CONVERSION = YES;
				CLANG_WARN_DIRECT_OBJC_ISA_USAGE = YES_ERROR;
				CLANG_WARN_EMPTY_BODY = YES;
				CLANG_WARN_ENUM_CONVERSION = YES;
				CLANG_WARN_INT_CONVERSION = YES;
				CLANG_WARN_OBJC_ROOT_CLASS = YES_ERROR;
				CLANG_WARN_UNREACHABLE_CODE = YES;
				CLANG_WARN__DUPLICATE_METHOD_MATCH = YES;
				"CODE_SIGN_IDENTITY[sdk=iphoneos*]" = "iPhone Developer";
				COPY_PHASE_STRIP = NO;
				DEBUG_INFORMATION_FORMAT = "dwarf-with-dsym";
				ENABLE_STRICT_OBJC_MSGSEND = YES;
				GCC_C_LANGUAGE_STANDARD = gnu99;
				GCC_DYNAMIC_NO_PIC = NO;
				GCC_NO_COMMON_BLOCKS = YES;
				GCC_OPTIMIZATION_LEVEL = 0;
				GCC_PREPROCESSOR_DEFINITIONS = (
					"DEBUG=1",
					"$(inherited)",
				);
				GCC_SYMBOLS_PRIVATE_EXTERN = NO;
				GCC_WARN_64_TO_32_BIT_CONVERSION = YES;
				GCC_WARN_ABOUT_RETURN_TYPE = YES_ERROR;
				GCC_WARN_UNDECLARED_SELECTOR = YES;
				GCC_WARN_UNINITIALIZED_AUTOS = YES_AGGRESSIVE;
				GCC_WARN_UNUSED_FUNCTION = YES;
				GCC_WARN_UNUSED_VARIABLE = YES;
				IPHONEOS_DEPLOYMENT_TARGET = 8.3;
				MTL_ENABLE_DEBUG_INFO = YES;
				ONLY_ACTIVE_ARCH = YES;
				SDKROOT = iphoneos;
				SWIFT_OPTIMIZATION_LEVEL = "-Onone";
				TARGETED_DEVICE_FAMILY = "1,2";
			};
			name = Debug;
		};
		890703311AF738BB003AD1E7 /* Release */ = {
			isa = XCBuildConfiguration;
			buildSettings = {
				ALWAYS_SEARCH_USER_PATHS = NO;
				CLANG_CXX_LANGUAGE_STANDARD = "gnu++0x";
				CLANG_CXX_LIBRARY = "libc++";
				CLANG_ENABLE_MODULES = YES;
				CLANG_ENABLE_OBJC_ARC = YES;
				CLANG_WARN_BOOL_CONVERSION = YES;
				CLANG_WARN_CONSTANT_CONVERSION = YES;
				CLANG_WARN_DIRECT_OBJC_ISA_USAGE = YES_ERROR;
				CLANG_WARN_EMPTY_BODY = YES;
				CLANG_WARN_ENUM_CONVERSION = YES;
				CLANG_WARN_INT_CONVERSION = YES;
				CLANG_WARN_OBJC_ROOT_CLASS = YES_ERROR;
				CLANG_WARN_UNREACHABLE_CODE = YES;
				CLANG_WARN__DUPLICATE_METHOD_MATCH = YES;
				"CODE_SIGN_IDENTITY[sdk=iphoneos*]" = "iPhone Developer";
				COPY_PHASE_STRIP = NO;
				DEBUG_INFORMATION_FORMAT = "dwarf-with-dsym";
				ENABLE_NS_ASSERTIONS = NO;
				ENABLE_STRICT_OBJC_MSGSEND = YES;
				GCC_C_LANGUAGE_STANDARD = gnu99;
				GCC_NO_COMMON_BLOCKS = YES;
				GCC_WARN_64_TO_32_BIT_CONVERSION = YES;
				GCC_WARN_ABOUT_RETURN_TYPE = YES_ERROR;
				GCC_WARN_UNDECLARED_SELECTOR = YES;
				GCC_WARN_UNINITIALIZED_AUTOS = YES_AGGRESSIVE;
				GCC_WARN_UNUSED_FUNCTION = YES;
				GCC_WARN_UNUSED_VARIABLE = YES;
				IPHONEOS_DEPLOYMENT_TARGET = 8.3;
				MTL_ENABLE_DEBUG_INFO = NO;
				SDKROOT = iphoneos;
				TARGETED_DEVICE_FAMILY = "1,2";
				VALIDATE_PRODUCT = YES;
			};
			name = Release;
		};
		890703331AF738BB003AD1E7 /* Debug */ = {
			isa = XCBuildConfiguration;
			buildSettings = {
				ASSETCATALOG_COMPILER_APPICON_NAME = AppIcon;
				INFOPLIST_FILE = Welcome/Info.plist;
				LD_RUNPATH_SEARCH_PATHS = "$(inherited) @executable_path/Frameworks";
				PRODUCT_NAME = "$(TARGET_NAME)";
			};
			name = Debug;
		};
		890703341AF738BB003AD1E7 /* Release */ = {
			isa = XCBuildConfiguration;
			buildSettings = {
				ASSETCATALOG_COMPILER_APPICON_NAME = AppIcon;
				INFOPLIST_FILE = Welcome/Info.plist;
				LD_RUNPATH_SEARCH_PATHS = "$(inherited) @executable_path/Frameworks";
				PRODUCT_NAME = "$(TARGET_NAME)";
			};
			name = Release;
		};
		890703361AF738BB003AD1E7 /* Debug */ = {
			isa = XCBuildConfiguration;
			buildSettings = {
				BUNDLE_LOADER = "$(TEST_HOST)";
				FRAMEWORK_SEARCH_PATHS = (
					"$(SDKROOT)/Developer/Library/Frameworks",
					"$(inherited)",
				);
				GCC_PREPROCESSOR_DEFINITIONS = (
					"DEBUG=1",
					"$(inherited)",
				);
				INFOPLIST_FILE = WelcomeTests/Info.plist;
				LD_RUNPATH_SEARCH_PATHS = "$(inherited) @executable_path/Frameworks @loader_path/Frameworks";
				PRODUCT_NAME = "$(TARGET_NAME)";
				TEST_HOST = "$(BUILT_PRODUCTS_DIR)/Welcome.app/Welcome";
			};
			name = Debug;
		};
		890703371AF738BB003AD1E7 /* Release */ = {
			isa = XCBuildConfiguration;
			buildSettings = {
				BUNDLE_LOADER = "$(TEST_HOST)";
				FRAMEWORK_SEARCH_PATHS = (
					"$(SDKROOT)/Developer/Library/Frameworks",
					"$(inherited)",
				);
				INFOPLIST_FILE = WelcomeTests/Info.plist;
				LD_RUNPATH_SEARCH_PATHS = "$(inherited) @executable_path/Frameworks @loader_path/Frameworks";
				PRODUCT_NAME = "$(TARGET_NAME)";
				TEST_HOST = "$(BUILT_PRODUCTS_DIR)/Welcome.app/Welcome";
			};
			name = Release;
		};
/* End XCBuildConfiguration section */

/* Begin XCConfigurationList section */
		8907030E1AF738BB003AD1E7 /* Build configuration list for PBXProject "Welcome" */ = {
			isa = XCConfigurationList;
			buildConfigurations = (
				890703301AF738BB003AD1E7 /* Debug */,
				890703311AF738BB003AD1E7 /* Release */,
			);
			defaultConfigurationIsVisible = 0;
			defaultConfigurationName = Release;
		};
		890703321AF738BB003AD1E7 /* Build configuration list for PBXNativeTarget "Welcome" */ = {
			isa = XCConfigurationList;
			buildConfigurations = (
				890703331AF738BB003AD1E7 /* Debug */,
				890703341AF738BB003AD1E7 /* Release */,
			);
			defaultConfigurationIsVisible = 0;
		};
		890703351AF738BB003AD1E7 /* Build configuration list for PBXNativeTarget "WelcomeTests" */ = {
			isa = XCConfigurationList;
			buildConfigurations = (
				890703361AF738BB003AD1E7 /* Debug */,
				890703371AF738BB003AD1E7 /* Release */,
			);
			defaultConfigurationIsVisible = 0;
		};
/* End XCConfigurationList section */
	};
	rootObject = 8907030B1AF738BB003AD1E7 /* Project object */;
}
